---
version: 0.13.0
groups:
  default:
    dependencies:
    - nz.ac.waikato.cms.weka.thirdparty:java-cup-11b-runtime:jar:2015.03.26
    - nz.ac.waikato.cms.weka.thirdparty:java-cup-11b:jar:2015.03.26
    - nz.ac.waikato.cms.weka:weka-dev:jar:3.7.13
    - org.pentaho.pentaho-commons:pentaho-package-manager:jar:1.0.11
    artifacts:
    - jar:nz.ac.waikato.cms.weka:weka-dev:jar:3.7.13:
        transitive:
          nz.ac.waikato.cms.weka.thirdparty:java-cup-11b:jar:2015.03.26: {}
          org.pentaho.pentaho-commons:pentaho-package-manager:jar:1.0.11: {}
          nz.ac.waikato.cms.weka.thirdparty:java-cup-11b-runtime:jar:2015.03.26: {}
remote_repositories:
- http://repo1.maven.org/maven2/
